
Microsoft Visual Studio Solution File, Format Version 12.00
# Visual Studio Version 17
VisualStudioVersion = 17.3.32804.467
MinimumVisualStudioVersion = 10.0.40219.1
Project("{FAE04EC0-301F-11D3-BF4B-00C04F79EFBC}") = "uzduotis", "uzduotis\uzduotis.csproj", "{2C40FB99-0129-4E48-B45B-0FE3D7105350}"
EndProject
Global
	GlobalSection(SolutionConfigurationPlatforms) = preSolution
		Debug|Any CPU = Debug|Any CPU
		Release|Any CPU = Release|Any CPU
	EndGlobalSection
	GlobalSection(ProjectConfigurationPlatforms) = postSolution
		{2C40FB99-0129-4E48-B45B-0FE3D7105350}.Debug|Any CPU.ActiveCfg = Debug|Any CPU
		{2C40FB99-0129-4E48-B45B-0FE3D7105350}.Debug|Any CPU.Build.0 = Debug|Any CPU
		{2C40FB99-0129-4E48-B45B-0FE3D7105350}.Release|Any CPU.ActiveCfg = Release|Any CPU
		{2C40FB99-0129-4E48-B45B-0FE3D7105350}.Release|Any CPU.Build.0 = Release|Any CPU
	EndGlobalSection
	GlobalSection(SolutionProperties) = preSolution
		HideSolutionNode = FALSE
	EndGlobalSection
	GlobalSection(ExtensibilityGlobals) = postSolution
		SolutionGuid = {EC5719E7-CC48-4DA1-9154-FFBDFCC4D63D}
	EndGlobalSection
EndGlobal
